
Microsoft Visual Studio Solution File, Format Version 12.00
# Visual Studio Version 17
VisualStudioVersion = 17.14.36401.2 d17.14
MinimumVisualStudioVersion = 10.0.40219.1
Project("{FAE04EC0-301F-11D3-BF4B-00C04F79EFBC}") = "Tutorial_2_3", "Tutorial_2_3\Tutorial_2_3.csproj", "{F56B0C15-EE43-413F-AE3E-84154720C646}"
EndProject
Global
	GlobalSection(SolutionConfigurationPlatforms) = preSolution
		Debug|Any CPU = Debug|Any CPU
		Release|Any CPU = Release|Any CPU
	EndGlobalSection
	GlobalSection(ProjectConfigurationPlatforms) = postSolution
		{F56B0C15-EE43-413F-AE3E-84154720C646}.Debug|Any CPU.ActiveCfg = Debug|Any CPU
		{F56B0C15-EE43-413F-AE3E-84154720C646}.Debug|Any CPU.Build.0 = Debug|Any CPU
		{F56B0C15-EE43-413F-AE3E-84154720C646}.Release|Any CPU.ActiveCfg = Release|Any CPU
		{F56B0C15-EE43-413F-AE3E-84154720C646}.Release|Any CPU.Build.0 = Release|Any CPU
	EndGlobalSection
	GlobalSection(SolutionProperties) = preSolution
		HideSolutionNode = FALSE
	EndGlobalSection
	GlobalSection(ExtensibilityGlobals) = postSolution
		SolutionGuid = {F9CEDC64-7F4D-4C0F-8E2A-E064E2F14611}
	EndGlobalSection
EndGlobal
